
Microsoft Visual Studio Solution File, Format Version 12.00
# Visual Studio Version 17
VisualStudioVersion = 17.12.35527.113
MinimumVisualStudioVersion = 10.0.40219.1
Project("{FAE04EC0-301F-11D3-BF4B-00C04F79EFBC}") = "1-AumentoSalario", "1-AumentoSalario\1-AumentoSalario.csproj", "{C7F4BD72-F375-4D45-9B65-9576C40DDC66}"
EndProject
Project("{FAE04EC0-301F-11D3-BF4B-00C04F79EFBC}") = "2-PesquisaSO", "2-PesquisaSO\2-PesquisaSO.csproj", "{541F42E1-60D7-4C2C-A0D5-14E169ACA60B}"
EndProject
Project("{FAE04EC0-301F-11D3-BF4B-00C04F79EFBC}") = "3-Vendedores", "3-Vendedores\3-Vendedores.csproj", "{75422F18-665B-4652-B290-5FB8AFA805E3}"
EndProject
Project("{FAE04EC0-301F-11D3-BF4B-00C04F79EFBC}") = "4-MercadoCarne", "4-MercadoCarne\4-MercadoCarne.csproj", "{4AAB1171-1C51-4C7D-BE91-69A277743429}"
EndProject
Global
	GlobalSection(SolutionConfigurationPlatforms) = preSolution
		Debug|Any CPU = Debug|Any CPU
		Release|Any CPU = Release|Any CPU
	EndGlobalSection
	GlobalSection(ProjectConfigurationPlatforms) = postSolution
		{C7F4BD72-F375-4D45-9B65-9576C40DDC66}.Debug|Any CPU.ActiveCfg = Debug|Any CPU
		{C7F4BD72-F375-4D45-9B65-9576C40DDC66}.Debug|Any CPU.Build.0 = Debug|Any CPU
		{C7F4BD72-F375-4D45-9B65-9576C40DDC66}.Release|Any CPU.ActiveCfg = Release|Any CPU
		{C7F4BD72-F375-4D45-9B65-9576C40DDC66}.Release|Any CPU.Build.0 = Release|Any CPU
		{541F42E1-60D7-4C2C-A0D5-14E169ACA60B}.Debug|Any CPU.ActiveCfg = Debug|Any CPU
		{541F42E1-60D7-4C2C-A0D5-14E169ACA60B}.Debug|Any CPU.Build.0 = Debug|Any CPU
		{541F42E1-60D7-4C2C-A0D5-14E169ACA60B}.Release|Any CPU.ActiveCfg = Release|Any CPU
		{541F42E1-60D7-4C2C-A0D5-14E169ACA60B}.Release|Any CPU.Build.0 = Release|Any CPU
		{75422F18-665B-4652-B290-5FB8AFA805E3}.Debug|Any CPU.ActiveCfg = Debug|Any CPU
		{75422F18-665B-4652-B290-5FB8AFA805E3}.Debug|Any CPU.Build.0 = Debug|Any CPU
		{75422F18-665B-4652-B290-5FB8AFA805E3}.Release|Any CPU.ActiveCfg = Release|Any CPU
		{75422F18-665B-4652-B290-5FB8AFA805E3}.Release|Any CPU.Build.0 = Release|Any CPU
		{4AAB1171-1C51-4C7D-BE91-69A277743429}.Debug|Any CPU.ActiveCfg = Debug|Any CPU
		{4AAB1171-1C51-4C7D-BE91-69A277743429}.Debug|Any CPU.Build.0 = Debug|Any CPU
		{4AAB1171-1C51-4C7D-BE91-69A277743429}.Release|Any CPU.ActiveCfg = Release|Any CPU
		{4AAB1171-1C51-4C7D-BE91-69A277743429}.Release|Any CPU.Build.0 = Release|Any CPU
	EndGlobalSection
	GlobalSection(SolutionProperties) = preSolution
		HideSolutionNode = FALSE
	EndGlobalSection
EndGlobal
